
Microsoft Visual Studio Solution File, Format Version 9.00
# Visual Studio 2005
Project("{FAE04EC0-301F-11D3-BF4B-00C04F79EFBC}") = "BPS", "BPS\BPS.csproj", "{9048C4A8-32EF-4B63-86A3-5B6AAEEE0761}"
EndProject
Project("{FAE04EC0-301F-11D3-BF4B-00C04F79EFBC}") = "Reports", "..\Common\Reports\Reports.csproj", "{2EBDE3CD-F448-4758-A3A2-1436BB218FAE}"
EndProject
Project("{FAE04EC0-301F-11D3-BF4B-00C04F79EFBC}") = "frmBns_Rec", "..\Common\frmBns_Rec\frmBns_Rec.csproj", "{4FC6B603-A68E-40DF-8B37-1BE37B123075}"
EndProject
Project("{FAE04EC0-301F-11D3-BF4B-00C04F79EFBC}") = "AppSettings", "..\Common\AppSettings\AppSettings.csproj", "{889D88F6-1668-418F-969A-6466670138B6}"
EndProject
Project("{FAE04EC0-301F-11D3-BF4B-00C04F79EFBC}") = "BinSearch", "..\Common\BinSearch\BinSearch.csproj", "{BD852B6B-8123-4DDA-861C-B83C8B969D9F}"
EndProject
Project("{FAE04EC0-301F-11D3-BF4B-00C04F79EFBC}") = "BPLSApp", "..\Common\BPLSApp\BPLSApp.csproj", "{20D0578E-E939-4D1F-8416-B6CA0B7C1DFC}"
EndProject
Project("{FAE04EC0-301F-11D3-BF4B-00C04F79EFBC}") = "BusinessType", "..\Common\BusinessType\BusinessType.csproj", "{B86728B1-CE3F-4BB6-ACF3-BF7D91A1C8BE}"
EndProject
Project("{FAE04EC0-301F-11D3-BF4B-00C04F79EFBC}") = "EncryptUtilities", "..\Common\EncryptUtilities\EncryptUtilities.csproj", "{EB833D79-9D87-48EC-B396-79AACE685253}"
EndProject
Project("{FAE04EC0-301F-11D3-BF4B-00C04F79EFBC}") = "MultiColumnComboBox", "..\Common\MultiColumnComboBox\MultiColumnComboBox.csproj", "{4DD47A19-1A17-4C59-94BA-575E0C2ECC17}"
EndProject
Project("{FAE04EC0-301F-11D3-BF4B-00C04F79EFBC}") = "NewDateTimeUtilities", "..\Common\NewDateTimeUtilities\NewDateTimeUtilities.csproj", "{B30B39AC-F79D-42D2-AF91-31BD18A18C4E}"
EndProject
Project("{FAE04EC0-301F-11D3-BF4B-00C04F79EFBC}") = "PrintUtilities", "..\Common\PrintUtilities\PrintUtilities.csproj", "{87FAE22B-B9DD-4D2F-8683-B58C8D587B38}"
EndProject
Project("{FAE04EC0-301F-11D3-BF4B-00C04F79EFBC}") = "SearchOwner", "..\Common\SearchOwner\SearchOwner.csproj", "{12DA147C-5376-46D6-9AB3-B22957A326E8}"
EndProject
Project("{FAE04EC0-301F-11D3-BF4B-00C04F79EFBC}") = "StringUtilities", "..\Common\StringUtilities\StringUtilities.csproj", "{F7CAB867-EDEF-4E74-91BF-6C5385DCF513}"
EndProject
Project("{FAE04EC0-301F-11D3-BF4B-00C04F79EFBC}") = "TextValidation", "..\Common\TextValidation\TextValidation.csproj", "{BD22737F-6386-46C2-8538-AE0CF736ADF7}"
EndProject
Project("{FAE04EC0-301F-11D3-BF4B-00C04F79EFBC}") = "DataConnector", "..\Common\DataConnector\DataConnector\DataConnector.csproj", "{7C12DA36-676A-49B3-B59D-C07C96539620}"
EndProject
Project("{FAE04EC0-301F-11D3-BF4B-00C04F79EFBC}") = "SearchBusiness", "..\Common\SearchBusiness\SearchBusiness.csproj", "{06E69321-B073-49B0-8B66-B8E523065E17}"
EndProject
Project("{FAE04EC0-301F-11D3-BF4B-00C04F79EFBC}") = "Message_Box", "..\Common\Message_Box\Message_Box.csproj", "{C500A219-C859-4745-A8B0-7D7B04A18B59}"
EndProject
Project("{FAE04EC0-301F-11D3-BF4B-00C04F79EFBC}") = "SearchAndReplace", "Modules\SearchAndReplace\SearchAndReplace.csproj", "{A721ADDD-89BE-489C-A507-C86822800AD0}"
EndProject
Project("{FAE04EC0-301F-11D3-BF4B-00C04F79EFBC}") = "ModuleRights", "..\Common\ModuleRights\ModuleRights.csproj", "{B617F81E-BC86-415A-9C18-0D928AFF34FD}"
EndProject
Project("{FAE04EC0-301F-11D3-BF4B-00C04F79EFBC}") = "AuditTrail", "..\Common\AuditTrail\AuditTrail.csproj", "{1CC0E2E7-9FF7-4765-933A-E6F5E16A73F7}"
EndProject
Project("{FAE04EC0-301F-11D3-BF4B-00C04F79EFBC}") = "TaskManager", "..\Common\TaskManager\TaskManager.csproj", "{BC2B9481-D499-4C28-B978-5BE4EFB4A958}"
EndProject
Project("{FAE04EC0-301F-11D3-BF4B-00C04F79EFBC}") = "Utilities", "Modules\Utilities\Utilities.csproj", "{7C597503-3746-4E77-BE55-B3D33E57A70E}"
EndProject
Project("{FAE04EC0-301F-11D3-BF4B-00C04F79EFBC}") = "User", "..\Common\User\User.csproj", "{ABD47872-98A8-465D-B6EF-1C4C8004EE4C}"
EndProject
Project("{FAE04EC0-301F-11D3-BF4B-00C04F79EFBC}") = "LogIn", "..\Common\LogIn\LogIn.csproj", "{1228A386-001F-4C3B-8A67-D473414930DE}"
EndProject
Project("{FAE04EC0-301F-11D3-BF4B-00C04F79EFBC}") = "DeficientRecords", "..\Common\DeficientRecords\DeficientRecords.csproj", "{41682542-64B9-42D6-8174-D43CC878E891}"
EndProject
Project("{FAE04EC0-301F-11D3-BF4B-00C04F79EFBC}") = "DataGridViewUtilities", "..\Common\DataGridViewUtilities\DataGridViewUtilities\DataGridViewUtilities.csproj", "{73E8B334-FD2A-402A-9D60-2B8956103EF4}"
EndProject
Project("{FAE04EC0-301F-11D3-BF4B-00C04F79EFBC}") = "AddlInfo", "..\Common\AddlInfo\AddlInfo.csproj", "{CE23612D-8F49-48DB-842F-93A36BD61584}"
EndProject
Project("{FAE04EC0-301F-11D3-BF4B-00C04F79EFBC}") = "AdditionalBusiness", "Modules\AdditionalBusiness\AdditionalBusiness.csproj", "{24B1B877-DAC2-44F1-9FFF-9D6FC6862DBB}"
EndProject
Project("{FAE04EC0-301F-11D3-BF4B-00C04F79EFBC}") = "Retirement", "Modules\Retirement\Retirement.csproj", "{09A1CE64-76AF-4F47-A7F9-CA61D8BA11D1}"
EndProject
Project("{FAE04EC0-301F-11D3-BF4B-00C04F79EFBC}") = "PermitUpdate", "Modules\PermitUpdate\PermitUpdate.csproj", "{0EEAA5DE-5156-42ED-A873-1F3DE38DC5BD}"
EndProject
Project("{FAE04EC0-301F-11D3-BF4B-00C04F79EFBC}") = "BusinessPermit", "Modules\BusinessPermit\BusinessPermit.csproj", "{0872B3DF-620E-4F20-BAE5-8D8B97923C2D}"
EndProject
Project("{FAE04EC0-301F-11D3-BF4B-00C04F79EFBC}") = "InspectorsDetails", "Modules\InspectorsDetails\InspectorsDetails.csproj", "{AAF16BD0-1BD4-4845-ADE9-1A19F502F8AA}"
EndProject
Project("{FAE04EC0-301F-11D3-BF4B-00C04F79EFBC}") = "InspectionTool", "Modules\InspectionTool\InspectionTool.csproj", "{AC389457-EBC0-4795-A74C-ED4C68BD4FF1}"
EndProject
Project("{FAE04EC0-301F-11D3-BF4B-00C04F79EFBC}") = "SpecialOrdinances", "Modules\SpecialOrdinances\SpecialOrdinances.csproj", "{AE1D215A-BEBF-4D06-BE33-D40B2B899280}"
EndProject
Project("{FAE04EC0-301F-11D3-BF4B-00C04F79EFBC}") = "SOA", "..\Common\SOA\SOA.csproj", "{9425CCB1-3071-4BA3-8874-3806C3A22AB3}"
EndProject
Project("{FAE04EC0-301F-11D3-BF4B-00C04F79EFBC}") = "OwnerProfile", "..\Common\OwnerProfile\OwnerProfile.csproj", "{4C2BCA97-815D-47D2-B90A-E78A802D5755}"
EndProject
Project("{FAE04EC0-301F-11D3-BF4B-00C04F79EFBC}") = "ApplicationRequirements", "Modules\ApplicationRequirements\ApplicationRequirements.csproj", "{E963F46B-1954-48A1-B5BA-3A7B54B558A7}"
EndProject
Project("{FAE04EC0-301F-11D3-BF4B-00C04F79EFBC}") = "BusinessMapping", "Modules\BusinessMapping\BusinessMapping.csproj", "{CAB4E274-B945-4985-B984-620457A4FCFB}"
EndProject
Project("{FAE04EC0-301F-11D3-BF4B-00C04F79EFBC}") = "PaymentHistory", "..\BTAS\Modules\PaymentHistory\PaymentHistory.csproj", "{EAB31B55-911F-47F0-99F7-12FA3E477716}"
EndProject
Project("{FAE04EC0-301F-11D3-BF4B-00C04F79EFBC}") = "ProgressControl", "..\Common\ProgressControl\ProgressControl.csproj", "{C209F4F1-06CF-404E-9F84-7E6326D38E89}"
EndProject
Project("{FAE04EC0-301F-11D3-BF4B-00C04F79EFBC}") = "BusinessReports", "Modules\BusinessReports\BusinessReports.csproj", "{14990D2B-28AD-4859-B5D3-76DF11717908}"
EndProject
Project("{FAE04EC0-301F-11D3-BF4B-00C04F79EFBC}") = "ImageViewer", "..\Common\ImageViewer\ImageViewer.csproj", "{3510C616-DCE8-42F0-94E3-E457909D5381}"
EndProject
Project("{FAE04EC0-301F-11D3-BF4B-00C04F79EFBC}") = "DynamicProgressBar", "..\Common\DynamicProgressBar\DynamicProgressBar.csproj", "{B04D048F-7347-4336-8359-EDBCCA79CED5}"
EndProject
Project("{FAE04EC0-301F-11D3-BF4B-00C04F79EFBC}") = "Tools", "..\Common\Tools\Tools.csproj", "{ADA963C3-E2E4-4DD7-BF8A-1ECA24D71660}"
EndProject
Project("{FAE04EC0-301F-11D3-BF4B-00C04F79EFBC}") = "CDOReport", "Modules\CDOReport\CDOReport.csproj", "{86D17D55-3578-44E1-B35B-6AE06D396AB9}"
EndProject
Project("{FAE04EC0-301F-11D3-BF4B-00C04F79EFBC}") = "ReAssessment", "Modules\ReAssessment\ReAssessment.csproj", "{DAFE4BF5-924C-4272-8475-7AF61B9990D3}"
EndProject
Project("{FAE04EC0-301F-11D3-BF4B-00C04F79EFBC}") = "Billing", "..\BTAS\Modules\Billing\Billing.csproj", "{158FF213-554C-4F45-990A-75B8025EDFFC}"
EndProject
Project("{FAE04EC0-301F-11D3-BF4B-00C04F79EFBC}") = "BIN", "..\Common\BIN\BIN.csproj", "{CE43BE3A-CE4E-44EE-B643-7C7112BA1D86}"
EndProject
Project("{FAE04EC0-301F-11D3-BF4B-00C04F79EFBC}") = "TreasurersModule", "..\BTAS\Modules\TreasurersModule\TreasurersModule.csproj", "{9ECA4A43-4AD6-4407-9253-BDCAEC9B8A1F}"
EndProject
Project("{FAE04EC0-301F-11D3-BF4B-00C04F79EFBC}") = "BusinessRoll", "Modules\BusinessRoll\BusinessRoll\BusinessRoll.csproj", "{97D39AA2-D1A5-4093-BB9F-EFF7095DE44B}"
EndProject
Project("{FAE04EC0-301F-11D3-BF4B-00C04F79EFBC}") = "BusinessSummary", "Modules\BusinessSummary\BusinessSummary\BusinessSummary.csproj", "{E978CE42-B737-4D75-A3C4-F4DBF2120633}"
EndProject
Project("{FAE04EC0-301F-11D3-BF4B-00C04F79EFBC}") = "SearchUser", "..\Common\SearchUser\SearchUser\SearchUser.csproj", "{CC18E5FF-34A2-4488-82F5-6BB198BBE778}"
EndProject
Project("{FAE04EC0-301F-11D3-BF4B-00C04F79EFBC}") = "CashTender", "..\BTAS\Modules\CashTender\CashTender.csproj", "{A88E89EB-7B0C-4435-8EED-19E49753F782}"
EndProject
Project("{FAE04EC0-301F-11D3-BF4B-00C04F79EFBC}") = "PaperTrail", "Modules\PaperTrail\PaperTrail\PaperTrail.csproj", "{B0A23DDE-6A16-4730-B669-28C8E92B2C5B}"
EndProject
Project("{FAE04EC0-301F-11D3-BF4B-00C04F79EFBC}") = "ReportTools", "..\Common\ReportTools\ReportTools.csproj", "{EE2E48A2-3890-485A-B0B6-75741C318B85}"
EndProject
Project("{FAE04EC0-301F-11D3-BF4B-00C04F79EFBC}") = "ContainerWithShadow", "..\Common\ContainerWithShadow\ContainerWithShadow.csproj", "{7980FDBA-671F-4F89-80B4-B79783BA0C6E}"
EndProject
Project("{FAE04EC0-301F-11D3-BF4B-00C04F79EFBC}") = "Permits", "Modules\HealthPermit\Permits.csproj", "{19778AF7-8E5C-4249-80BD-B2A28CA9D8C6}"
EndProject
Project("{FAE04EC0-301F-11D3-BF4B-00C04F79EFBC}") = "DILGReport", "..\Common\DILGReport\DILGReport.csproj", "{57FF7483-B696-403C-AEAA-6820F7E94D5A}"
EndProject
Project("{FAE04EC0-301F-11D3-BF4B-00C04F79EFBC}") = "ExcelReport", "..\Common\ExcelReport\ExcelReport.csproj", "{6C204401-E451-4034-B708-DBC0FCBB19E9}"
EndProject
Project("{FAE04EC0-301F-11D3-BF4B-00C04F79EFBC}") = "EPS", "Modules\EPS\EPS.csproj", "{C93B3819-EE9B-4D17-AD47-81F139318F18}"
EndProject
Project("{FAE04EC0-301F-11D3-BF4B-00C04F79EFBC}") = "TransactionLog", "..\Common\TransactionLog\TransactionLog\TransactionLog.csproj", "{3914CB7E-813E-4BE4-960D-764FC3B8ED15}"
EndProject
Project("{FAE04EC0-301F-11D3-BF4B-00C04F79EFBC}") = "LiquidationReports", "..\BTAS\Modules\LiquidationReports\LiquidationReports.csproj", "{1CE44C9C-5D1B-40F2-9AE8-28C6E8165F9B}"
EndProject
Project("{FAE04EC0-301F-11D3-BF4B-00C04F79EFBC}") = "RCD", "..\BTAS\Modules\RCD\RCD.csproj", "{D37900CB-C5BA-492C-B30F-8FE7B04A344F}"
EndProject
Global
	GlobalSection(SolutionConfigurationPlatforms) = preSolution
		Debug|Any CPU = Debug|Any CPU
		Debug|x86 = Debug|x86
		Release|Any CPU = Release|Any CPU
		Release|x86 = Release|x86
	EndGlobalSection
	GlobalSection(ProjectConfigurationPlatforms) = postSolution
		{9048C4A8-32EF-4B63-86A3-5B6AAEEE0761}.Debug|Any CPU.ActiveCfg = Debug|Any CPU
		{9048C4A8-32EF-4B63-86A3-5B6AAEEE0761}.Debug|Any CPU.Build.0 = Debug|Any CPU
		{9048C4A8-32EF-4B63-86A3-5B6AAEEE0761}.Debug|x86.ActiveCfg = Debug|x86
		{9048C4A8-32EF-4B63-86A3-5B6AAEEE0761}.Debug|x86.Build.0 = Debug|x86
		{9048C4A8-32EF-4B63-86A3-5B6AAEEE0761}.Release|Any CPU.ActiveCfg = Release|Any CPU
		{9048C4A8-32EF-4B63-86A3-5B6AAEEE0761}.Release|Any CPU.Build.0 = Release|Any CPU
		{9048C4A8-32EF-4B63-86A3-5B6AAEEE0761}.Release|x86.ActiveCfg = Release|Any CPU
		{2EBDE3CD-F448-4758-A3A2-1436BB218FAE}.Debug|Any CPU.ActiveCfg = Debug|Any CPU
		{2EBDE3CD-F448-4758-A3A2-1436BB218FAE}.Debug|Any CPU.Build.0 = Debug|Any CPU
		{2EBDE3CD-F448-4758-A3A2-1436BB218FAE}.Debug|x86.ActiveCfg = Debug|x86
		{2EBDE3CD-F448-4758-A3A2-1436BB218FAE}.Debug|x86.Build.0 = Debug|x86
		{2EBDE3CD-F448-4758-A3A2-1436BB218FAE}.Release|Any CPU.ActiveCfg = Release|Any CPU
		{2EBDE3CD-F448-4758-A3A2-1436BB218FAE}.Release|Any CPU.Build.0 = Release|Any CPU
		{2EBDE3CD-F448-4758-A3A2-1436BB218FAE}.Release|x86.ActiveCfg = Release|Any CPU
		{4FC6B603-A68E-40DF-8B37-1BE37B123075}.Debug|Any CPU.ActiveCfg = Debug|Any CPU
		{4FC6B603-A68E-40DF-8B37-1BE37B123075}.Debug|Any CPU.Build.0 = Debug|Any CPU
		{4FC6B603-A68E-40DF-8B37-1BE37B123075}.Debug|x86.ActiveCfg = Debug|x86
		{4FC6B603-A68E-40DF-8B37-1BE37B123075}.Debug|x86.Build.0 = Debug|x86
		{4FC6B603-A68E-40DF-8B37-1BE37B123075}.Release|Any CPU.ActiveCfg = Release|Any CPU
		{4FC6B603-A68E-40DF-8B37-1BE37B123075}.Release|Any CPU.Build.0 = Release|Any CPU
		{4FC6B603-A68E-40DF-8B37-1BE37B123075}.Release|x86.ActiveCfg = Release|Any CPU
		{889D88F6-1668-418F-969A-6466670138B6}.Debug|Any CPU.ActiveCfg = Debug|Any CPU
		{889D88F6-1668-418F-969A-6466670138B6}.Debug|Any CPU.Build.0 = Debug|Any CPU
		{889D88F6-1668-418F-969A-6466670138B6}.Debug|x86.ActiveCfg = Debug|x86
		{889D88F6-1668-418F-969A-6466670138B6}.Debug|x86.Build.0 = Debug|x86
		{889D88F6-1668-418F-969A-6466670138B6}.Release|Any CPU.ActiveCfg = Release|Any CPU
		{889D88F6-1668-418F-969A-6466670138B6}.Release|Any CPU.Build.0 = Release|Any CPU
		{889D88F6-1668-418F-969A-6466670138B6}.Release|x86.ActiveCfg = Release|Any CPU
		{BD852B6B-8123-4DDA-861C-B83C8B969D9F}.Debug|Any CPU.ActiveCfg = Debug|Any CPU
		{BD852B6B-8123-4DDA-861C-B83C8B969D9F}.Debug|Any CPU.Build.0 = Debug|Any CPU
		{BD852B6B-8123-4DDA-861C-B83C8B969D9F}.Debug|x86.ActiveCfg = Debug|x86
		{BD852B6B-8123-4DDA-861C-B83C8B969D9F}.Debug|x86.Build.0 = Debug|x86
		{BD852B6B-8123-4DDA-861C-B83C8B969D9F}.Release|Any CPU.ActiveCfg = Release|Any CPU
		{BD852B6B-8123-4DDA-861C-B83C8B969D9F}.Release|Any CPU.Build.0 = Release|Any CPU
		{BD852B6B-8123-4DDA-861C-B83C8B969D9F}.Release|x86.ActiveCfg = Release|Any CPU
		{20D0578E-E939-4D1F-8416-B6CA0B7C1DFC}.Debug|Any CPU.ActiveCfg = Debug|Any CPU
		{20D0578E-E939-4D1F-8416-B6CA0B7C1DFC}.Debug|Any CPU.Build.0 = Debug|Any CPU
		{20D0578E-E939-4D1F-8416-B6CA0B7C1DFC}.Debug|x86.ActiveCfg = Debug|x86
		{20D0578E-E939-4D1F-8416-B6CA0B7C1DFC}.Debug|x86.Build.0 = Debug|x86
		{20D0578E-E939-4D1F-8416-B6CA0B7C1DFC}.Release|Any CPU.ActiveCfg = Release|Any CPU
		{20D0578E-E939-4D1F-8416-B6CA0B7C1DFC}.Release|Any CPU.Build.0 = Release|Any CPU
		{20D0578E-E939-4D1F-8416-B6CA0B7C1DFC}.Release|x86.ActiveCfg = Release|Any CPU
		{B86728B1-CE3F-4BB6-ACF3-BF7D91A1C8BE}.Debug|Any CPU.ActiveCfg = Debug|Any CPU
		{B86728B1-CE3F-4BB6-ACF3-BF7D91A1C8BE}.Debug|Any CPU.Build.0 = Debug|Any CPU
		{B86728B1-CE3F-4BB6-ACF3-BF7D91A1C8BE}.Debug|x86.ActiveCfg = Debug|x86
		{B86728B1-CE3F-4BB6-ACF3-BF7D91A1C8BE}.Debug|x86.Build.0 = Debug|x86
		{B86728B1-CE3F-4BB6-ACF3-BF7D91A1C8BE}.Release|Any CPU.ActiveCfg = Release|Any CPU
		{B86728B1-CE3F-4BB6-ACF3-BF7D91A1C8BE}.Release|Any CPU.Build.0 = Release|Any CPU
		{B86728B1-CE3F-4BB6-ACF3-BF7D91A1C8BE}.Release|x86.ActiveCfg = Release|Any CPU
		{EB833D79-9D87-48EC-B396-79AACE685253}.Debug|Any CPU.ActiveCfg = Debug|Any CPU
		{EB833D79-9D87-48EC-B396-79AACE685253}.Debug|Any CPU.Build.0 = Debug|Any CPU
		{EB833D79-9D87-48EC-B396-79AACE685253}.Debug|x86.ActiveCfg = Debug|x86
		{EB833D79-9D87-48EC-B396-79AACE685253}.Debug|x86.Build.0 = Debug|x86
		{EB833D79-9D87-48EC-B396-79AACE685253}.Release|Any CPU.ActiveCfg = Release|Any CPU
		{EB833D79-9D87-48EC-B396-79AACE685253}.Release|Any CPU.Build.0 = Release|Any CPU
		{EB833D79-9D87-48EC-B396-79AACE685253}.Release|x86.ActiveCfg = Release|Any CPU
		{4DD47A19-1A17-4C59-94BA-575E0C2ECC17}.Debug|Any CPU.ActiveCfg = Debug|Any CPU
		{4DD47A19-1A17-4C59-94BA-575E0C2ECC17}.Debug|Any CPU.Build.0 = Debug|Any CPU
		{4DD47A19-1A17-4C59-94BA-575E0C2ECC17}.Debug|x86.ActiveCfg = Debug|x86
		{4DD47A19-1A17-4C59-94BA-575E0C2ECC17}.Debug|x86.Build.0 = Debug|x86
		{4DD47A19-1A17-4C59-94BA-575E0C2ECC17}.Release|Any CPU.ActiveCfg = Release|Any CPU
		{4DD47A19-1A17-4C59-94BA-575E0C2ECC17}.Release|Any CPU.Build.0 = Release|Any CPU
		{4DD47A19-1A17-4C59-94BA-575E0C2ECC17}.Release|x86.ActiveCfg = Release|Any CPU
		{B30B39AC-F79D-42D2-AF91-31BD18A18C4E}.Debug|Any CPU.ActiveCfg = Debug|Any CPU
		{B30B39AC-F79D-42D2-AF91-31BD18A18C4E}.Debug|Any CPU.Build.0 = Debug|Any CPU
		{B30B39AC-F79D-42D2-AF91-31BD18A18C4E}.Debug|x86.ActiveCfg = Debug|x86
		{B30B39AC-F79D-42D2-AF91-31BD18A18C4E}.Debug|x86.Build.0 = Debug|x86
		{B30B39AC-F79D-42D2-AF91-31BD18A18C4E}.Release|Any CPU.ActiveCfg = Release|Any CPU
		{B30B39AC-F79D-42D2-AF91-31BD18A18C4E}.Release|Any CPU.Build.0 = Release|Any CPU
		{B30B39AC-F79D-42D2-AF91-31BD18A18C4E}.Release|x86.ActiveCfg = Release|Any CPU
		{87FAE22B-B9DD-4D2F-8683-B58C8D587B38}.Debug|Any CPU.ActiveCfg = Debug|Any CPU
		{87FAE22B-B9DD-4D2F-8683-B58C8D587B38}.Debug|Any CPU.Build.0 = Debug|Any CPU
		{87FAE22B-B9DD-4D2F-8683-B58C8D587B38}.Debug|x86.ActiveCfg = Debug|x86
		{87FAE22B-B9DD-4D2F-8683-B58C8D587B38}.Debug|x86.Build.0 = Debug|x86
		{87FAE22B-B9DD-4D2F-8683-B58C8D587B38}.Release|Any CPU.ActiveCfg = Release|Any CPU
		{87FAE22B-B9DD-4D2F-8683-B58C8D587B38}.Release|Any CPU.Build.0 = Release|Any CPU
		{87FAE22B-B9DD-4D2F-8683-B58C8D587B38}.Release|x86.ActiveCfg = Release|Any CPU
		{12DA147C-5376-46D6-9AB3-B22957A326E8}.Debug|Any CPU.ActiveCfg = Debug|Any CPU
		{12DA147C-5376-46D6-9AB3-B22957A326E8}.Debug|Any CPU.Build.0 = Debug|Any CPU
		{12DA147C-5376-46D6-9AB3-B22957A326E8}.Debug|x86.ActiveCfg = Debug|x86
		{12DA147C-5376-46D6-9AB3-B22957A326E8}.Debug|x86.Build.0 = Debug|x86
		{12DA147C-5376-46D6-9AB3-B22957A326E8}.Release|Any CPU.ActiveCfg = Release|Any CPU
		{12DA147C-5376-46D6-9AB3-B22957A326E8}.Release|Any CPU.Build.0 = Release|Any CPU
		{12DA147C-5376-46D6-9AB3-B22957A326E8}.Release|x86.ActiveCfg = Release|Any CPU
		{F7CAB867-EDEF-4E74-91BF-6C5385DCF513}.Debug|Any CPU.ActiveCfg = Debug|Any CPU
		{F7CAB867-EDEF-4E74-91BF-6C5385DCF513}.Debug|Any CPU.Build.0 = Debug|Any CPU
		{F7CAB867-EDEF-4E74-91BF-6C5385DCF513}.Debug|x86.ActiveCfg = Debug|x86
		{F7CAB867-EDEF-4E74-91BF-6C5385DCF513}.Debug|x86.Build.0 = Debug|x86
		{F7CAB867-EDEF-4E74-91BF-6C5385DCF513}.Release|Any CPU.ActiveCfg = Release|Any CPU
		{F7CAB867-EDEF-4E74-91BF-6C5385DCF513}.Release|Any CPU.Build.0 = Release|Any CPU
		{F7CAB867-EDEF-4E74-91BF-6C5385DCF513}.Release|x86.ActiveCfg = Release|Any CPU
		{BD22737F-6386-46C2-8538-AE0CF736ADF7}.Debug|Any CPU.ActiveCfg = Debug|Any CPU
		{BD22737F-6386-46C2-8538-AE0CF736ADF7}.Debug|Any CPU.Build.0 = Debug|Any CPU
		{BD22737F-6386-46C2-8538-AE0CF736ADF7}.Debug|x86.ActiveCfg = Debug|x86
		{BD22737F-6386-46C2-8538-AE0CF736ADF7}.Debug|x86.Build.0 = Debug|x86
		{BD22737F-6386-46C2-8538-AE0CF736ADF7}.Release|Any CPU.ActiveCfg = Release|Any CPU
		{BD22737F-6386-46C2-8538-AE0CF736ADF7}.Release|Any CPU.Build.0 = Release|Any CPU
		{BD22737F-6386-46C2-8538-AE0CF736ADF7}.Release|x86.ActiveCfg = Release|Any CPU
		{7C12DA36-676A-49B3-B59D-C07C96539620}.Debug|Any CPU.ActiveCfg = Debug|Any CPU
		{7C12DA36-676A-49B3-B59D-C07C96539620}.Debug|Any CPU.Build.0 = Debug|Any CPU
		{7C12DA36-676A-49B3-B59D-C07C96539620}.Debug|x86.ActiveCfg = Debug|x86
		{7C12DA36-676A-49B3-B59D-C07C96539620}.Debug|x86.Build.0 = Debug|x86
		{7C12DA36-676A-49B3-B59D-C07C96539620}.Release|Any CPU.ActiveCfg = Release|Any CPU
		{7C12DA36-676A-49B3-B59D-C07C96539620}.Release|Any CPU.Build.0 = Release|Any CPU
		{7C12DA36-676A-49B3-B59D-C07C96539620}.Release|x86.ActiveCfg = Release|Any CPU
		{06E69321-B073-49B0-8B66-B8E523065E17}.Debug|Any CPU.ActiveCfg = Debug|Any CPU
		{06E69321-B073-49B0-8B66-B8E523065E17}.Debug|Any CPU.Build.0 = Debug|Any CPU
		{06E69321-B073-49B0-8B66-B8E523065E17}.Debug|x86.ActiveCfg = Debug|x86
		{06E69321-B073-49B0-8B66-B8E523065E17}.Debug|x86.Build.0 = Debug|x86
		{06E69321-B073-49B0-8B66-B8E523065E17}.Release|Any CPU.ActiveCfg = Release|Any CPU
		{06E69321-B073-49B0-8B66-B8E523065E17}.Release|Any CPU.Build.0 = Release|Any CPU
		{06E69321-B073-49B0-8B66-B8E523065E17}.Release|x86.ActiveCfg = Release|Any CPU
		{C500A219-C859-4745-A8B0-7D7B04A18B59}.Debug|Any CPU.ActiveCfg = Debug|Any CPU
		{C500A219-C859-4745-A8B0-7D7B04A18B59}.Debug|Any CPU.Build.0 = Debug|Any CPU
		{C500A219-C859-4745-A8B0-7D7B04A18B59}.Debug|x86.ActiveCfg = Debug|x86
		{C500A219-C859-4745-A8B0-7D7B04A18B59}.Debug|x86.Build.0 = Debug|x86
		{C500A219-C859-4745-A8B0-7D7B04A18B59}.Release|Any CPU.ActiveCfg = Release|Any CPU
		{C500A219-C859-4745-A8B0-7D7B04A18B59}.Release|Any CPU.Build.0 = Release|Any CPU
		{C500A219-C859-4745-A8B0-7D7B04A18B59}.Release|x86.ActiveCfg = Release|Any CPU
		{A721ADDD-89BE-489C-A507-C86822800AD0}.Debug|Any CPU.ActiveCfg = Debug|Any CPU
		{A721ADDD-89BE-489C-A507-C86822800AD0}.Debug|Any CPU.Build.0 = Debug|Any CPU
		{A721ADDD-89BE-489C-A507-C86822800AD0}.Debug|x86.ActiveCfg = Debug|x86
		{A721ADDD-89BE-489C-A507-C86822800AD0}.Debug|x86.Build.0 = Debug|x86
		{A721ADDD-89BE-489C-A507-C86822800AD0}.Release|Any CPU.ActiveCfg = Release|Any CPU
		{A721ADDD-89BE-489C-A507-C86822800AD0}.Release|Any CPU.Build.0 = Release|Any CPU
		{A721ADDD-89BE-489C-A507-C86822800AD0}.Release|x86.ActiveCfg = Release|Any CPU
		{B617F81E-BC86-415A-9C18-0D928AFF34FD}.Debug|Any CPU.ActiveCfg = Debug|Any CPU
		{B617F81E-BC86-415A-9C18-0D928AFF34FD}.Debug|Any CPU.Build.0 = Debug|Any CPU
		{B617F81E-BC86-415A-9C18-0D928AFF34FD}.Debug|x86.ActiveCfg = Debug|x86
		{B617F81E-BC86-415A-9C18-0D928AFF34FD}.Debug|x86.Build.0 = Debug|x86
		{B617F81E-BC86-415A-9C18-0D928AFF34FD}.Release|Any CPU.ActiveCfg = Release|Any CPU
		{B617F81E-BC86-415A-9C18-0D928AFF34FD}.Release|Any CPU.Build.0 = Release|Any CPU
		{B617F81E-BC86-415A-9C18-0D928AFF34FD}.Release|x86.ActiveCfg = Release|Any CPU
		{1CC0E2E7-9FF7-4765-933A-E6F5E16A73F7}.Debug|Any CPU.ActiveCfg = Debug|Any CPU
		{1CC0E2E7-9FF7-4765-933A-E6F5E16A73F7}.Debug|Any CPU.Build.0 = Debug|Any CPU
		{1CC0E2E7-9FF7-4765-933A-E6F5E16A73F7}.Debug|x86.ActiveCfg = Debug|x86
		{1CC0E2E7-9FF7-4765-933A-E6F5E16A73F7}.Debug|x86.Build.0 = Debug|x86
		{1CC0E2E7-9FF7-4765-933A-E6F5E16A73F7}.Release|Any CPU.ActiveCfg = Release|Any CPU
		{1CC0E2E7-9FF7-4765-933A-E6F5E16A73F7}.Release|Any CPU.Build.0 = Release|Any CPU
		{1CC0E2E7-9FF7-4765-933A-E6F5E16A73F7}.Release|x86.ActiveCfg = Release|Any CPU
		{BC2B9481-D499-4C28-B978-5BE4EFB4A958}.Debug|Any CPU.ActiveCfg = Debug|Any CPU
		{BC2B9481-D499-4C28-B978-5BE4EFB4A958}.Debug|Any CPU.Build.0 = Debug|Any CPU
		{BC2B9481-D499-4C28-B978-5BE4EFB4A958}.Debug|x86.ActiveCfg = Debug|x86
		{BC2B9481-D499-4C28-B978-5BE4EFB4A958}.Debug|x86.Build.0 = Debug|x86
		{BC2B9481-D499-4C28-B978-5BE4EFB4A958}.Release|Any CPU.ActiveCfg = Release|Any CPU
		{BC2B9481-D499-4C28-B978-5BE4EFB4A958}.Release|Any CPU.Build.0 = Release|Any CPU
		{BC2B9481-D499-4C28-B978-5BE4EFB4A958}.Release|x86.ActiveCfg = Release|Any CPU
		{7C597503-3746-4E77-BE55-B3D33E57A70E}.Debug|Any CPU.ActiveCfg = Debug|Any CPU
		{7C597503-3746-4E77-BE55-B3D33E57A70E}.Debug|Any CPU.Build.0 = Debug|Any CPU
		{7C597503-3746-4E77-BE55-B3D33E57A70E}.Debug|x86.ActiveCfg = Debug|x86
		{7C597503-3746-4E77-BE55-B3D33E57A70E}.Debug|x86.Build.0 = Debug|x86
		{7C597503-3746-4E77-BE55-B3D33E57A70E}.Release|Any CPU.ActiveCfg = Release|Any CPU
		{7C597503-3746-4E77-BE55-B3D33E57A70E}.Release|Any CPU.Build.0 = Release|Any CPU
		{7C597503-3746-4E77-BE55-B3D33E57A70E}.Release|x86.ActiveCfg = Release|Any CPU
		{ABD47872-98A8-465D-B6EF-1C4C8004EE4C}.Debug|Any CPU.ActiveCfg = Debug|Any CPU
		{ABD47872-98A8-465D-B6EF-1C4C8004EE4C}.Debug|Any CPU.Build.0 = Debug|Any CPU
		{ABD47872-98A8-465D-B6EF-1C4C8004EE4C}.Debug|x86.ActiveCfg = Debug|x86
		{ABD47872-98A8-465D-B6EF-1C4C8004EE4C}.Debug|x86.Build.0 = Debug|x86
		{ABD47872-98A8-465D-B6EF-1C4C8004EE4C}.Release|Any CPU.ActiveCfg = Release|Any CPU
		{ABD47872-98A8-465D-B6EF-1C4C8004EE4C}.Release|Any CPU.Build.0 = Release|Any CPU
		{ABD47872-98A8-465D-B6EF-1C4C8004EE4C}.Release|x86.ActiveCfg = Release|Any CPU
		{1228A386-001F-4C3B-8A67-D473414930DE}.Debug|Any CPU.ActiveCfg = Debug|Any CPU
		{1228A386-001F-4C3B-8A67-D473414930DE}.Debug|Any CPU.Build.0 = Debug|Any CPU
		{1228A386-001F-4C3B-8A67-D473414930DE}.Debug|x86.ActiveCfg = Debug|x86
		{1228A386-001F-4C3B-8A67-D473414930DE}.Debug|x86.Build.0 = Debug|x86
		{1228A386-001F-4C3B-8A67-D473414930DE}.Release|Any CPU.ActiveCfg = Release|Any CPU
		{1228A386-001F-4C3B-8A67-D473414930DE}.Release|Any CPU.Build.0 = Release|Any CPU
		{1228A386-001F-4C3B-8A67-D473414930DE}.Release|x86.ActiveCfg = Release|Any CPU
		{41682542-64B9-42D6-8174-D43CC878E891}.Debug|Any CPU.ActiveCfg = Debug|Any CPU
		{41682542-64B9-42D6-8174-D43CC878E891}.Debug|Any CPU.Build.0 = Debug|Any CPU
		{41682542-64B9-42D6-8174-D43CC878E891}.Debug|x86.ActiveCfg = Debug|x86
		{41682542-64B9-42D6-8174-D43CC878E891}.Debug|x86.Build.0 = Debug|x86
		{41682542-64B9-42D6-8174-D43CC878E891}.Release|Any CPU.ActiveCfg = Release|Any CPU
		{41682542-64B9-42D6-8174-D43CC878E891}.Release|Any CPU.Build.0 = Release|Any CPU
		{41682542-64B9-42D6-8174-D43CC878E891}.Release|x86.ActiveCfg = Release|Any CPU
		{73E8B334-FD2A-402A-9D60-2B8956103EF4}.Debug|Any CPU.ActiveCfg = Debug|Any CPU
		{73E8B334-FD2A-402A-9D60-2B8956103EF4}.Debug|Any CPU.Build.0 = Debug|Any CPU
		{73E8B334-FD2A-402A-9D60-2B8956103EF4}.Debug|x86.ActiveCfg = Debug|x86
		{73E8B334-FD2A-402A-9D60-2B8956103EF4}.Debug|x86.Build.0 = Debug|x86
		{73E8B334-FD2A-402A-9D60-2B8956103EF4}.Release|Any CPU.ActiveCfg = Release|Any CPU
		{73E8B334-FD2A-402A-9D60-2B8956103EF4}.Release|Any CPU.Build.0 = Release|Any CPU
		{73E8B334-FD2A-402A-9D60-2B8956103EF4}.Release|x86.ActiveCfg = Release|Any CPU
		{CE23612D-8F49-48DB-842F-93A36BD61584}.Debug|Any CPU.ActiveCfg = Debug|Any CPU
		{CE23612D-8F49-48DB-842F-93A36BD61584}.Debug|Any CPU.Build.0 = Debug|Any CPU
		{CE23612D-8F49-48DB-842F-93A36BD61584}.Debug|x86.ActiveCfg = Debug|x86
		{CE23612D-8F49-48DB-842F-93A36BD61584}.Debug|x86.Build.0 = Debug|x86
		{CE23612D-8F49-48DB-842F-93A36BD61584}.Release|Any CPU.ActiveCfg = Release|Any CPU
		{CE23612D-8F49-48DB-842F-93A36BD61584}.Release|Any CPU.Build.0 = Release|Any CPU
		{CE23612D-8F49-48DB-842F-93A36BD61584}.Release|x86.ActiveCfg = Release|Any CPU
		{24B1B877-DAC2-44F1-9FFF-9D6FC6862DBB}.Debug|Any CPU.ActiveCfg = Debug|Any CPU
		{24B1B877-DAC2-44F1-9FFF-9D6FC6862DBB}.Debug|Any CPU.Build.0 = Debug|Any CPU
		{24B1B877-DAC2-44F1-9FFF-9D6FC6862DBB}.Debug|x86.ActiveCfg = Debug|x86
		{24B1B877-DAC2-44F1-9FFF-9D6FC6862DBB}.Debug|x86.Build.0 = Debug|x86
		{24B1B877-DAC2-44F1-9FFF-9D6FC6862DBB}.Release|Any CPU.ActiveCfg = Release|Any CPU
		{24B1B877-DAC2-44F1-9FFF-9D6FC6862DBB}.Release|Any CPU.Build.0 = Release|Any CPU
		{24B1B877-DAC2-44F1-9FFF-9D6FC6862DBB}.Release|x86.ActiveCfg = Release|x86
		{24B1B877-DAC2-44F1-9FFF-9D6FC6862DBB}.Release|x86.Build.0 = Release|x86
		{09A1CE64-76AF-4F47-A7F9-CA61D8BA11D1}.Debug|Any CPU.ActiveCfg = Debug|Any CPU
		{09A1CE64-76AF-4F47-A7F9-CA61D8BA11D1}.Debug|Any CPU.Build.0 = Debug|Any CPU
		{09A1CE64-76AF-4F47-A7F9-CA61D8BA11D1}.Debug|x86.ActiveCfg = Debug|x86
		{09A1CE64-76AF-4F47-A7F9-CA61D8BA11D1}.Debug|x86.Build.0 = Debug|x86
		{09A1CE64-76AF-4F47-A7F9-CA61D8BA11D1}.Release|Any CPU.ActiveCfg = Release|Any CPU
		{09A1CE64-76AF-4F47-A7F9-CA61D8BA11D1}.Release|Any CPU.Build.0 = Release|Any CPU
		{09A1CE64-76AF-4F47-A7F9-CA61D8BA11D1}.Release|x86.ActiveCfg = Release|Any CPU
		{0EEAA5DE-5156-42ED-A873-1F3DE38DC5BD}.Debug|Any CPU.ActiveCfg = Debug|Any CPU
		{0EEAA5DE-5156-42ED-A873-1F3DE38DC5BD}.Debug|Any CPU.Build.0 = Debug|Any CPU
		{0EEAA5DE-5156-42ED-A873-1F3DE38DC5BD}.Debug|x86.ActiveCfg = Debug|x86
		{0EEAA5DE-5156-42ED-A873-1F3DE38DC5BD}.Debug|x86.Build.0 = Debug|x86
		{0EEAA5DE-5156-42ED-A873-1F3DE38DC5BD}.Release|Any CPU.ActiveCfg = Release|Any CPU
		{0EEAA5DE-5156-42ED-A873-1F3DE38DC5BD}.Release|Any CPU.Build.0 = Release|Any CPU
		{0EEAA5DE-5156-42ED-A873-1F3DE38DC5BD}.Release|x86.ActiveCfg = Release|Any CPU
		{0872B3DF-620E-4F20-BAE5-8D8B97923C2D}.Debug|Any CPU.ActiveCfg = Debug|Any CPU
		{0872B3DF-620E-4F20-BAE5-8D8B97923C2D}.Debug|Any CPU.Build.0 = Debug|Any CPU
		{0872B3DF-620E-4F20-BAE5-8D8B97923C2D}.Debug|x86.ActiveCfg = Debug|x86
		{0872B3DF-620E-4F20-BAE5-8D8B97923C2D}.Debug|x86.Build.0 = Debug|x86
		{0872B3DF-620E-4F20-BAE5-8D8B97923C2D}.Release|Any CPU.ActiveCfg = Release|Any CPU
		{0872B3DF-620E-4F20-BAE5-8D8B97923C2D}.Release|Any CPU.Build.0 = Release|Any CPU
		{0872B3DF-620E-4F20-BAE5-8D8B97923C2D}.Release|x86.ActiveCfg = Release|Any CPU
		{AAF16BD0-1BD4-4845-ADE9-1A19F502F8AA}.Debug|Any CPU.ActiveCfg = Debug|Any CPU
		{AAF16BD0-1BD4-4845-ADE9-1A19F502F8AA}.Debug|Any CPU.Build.0 = Debug|Any CPU
		{AAF16BD0-1BD4-4845-ADE9-1A19F502F8AA}.Debug|x86.ActiveCfg = Debug|x86
		{AAF16BD0-1BD4-4845-ADE9-1A19F502F8AA}.Debug|x86.Build.0 = Debug|x86
		{AAF16BD0-1BD4-4845-ADE9-1A19F502F8AA}.Release|Any CPU.ActiveCfg = Release|Any CPU
		{AAF16BD0-1BD4-4845-ADE9-1A19F502F8AA}.Release|Any CPU.Build.0 = Release|Any CPU
		{AAF16BD0-1BD4-4845-ADE9-1A19F502F8AA}.Release|x86.ActiveCfg = Release|Any CPU
		{AC389457-EBC0-4795-A74C-ED4C68BD4FF1}.Debug|Any CPU.ActiveCfg = Debug|Any CPU
		{AC389457-EBC0-4795-A74C-ED4C68BD4FF1}.Debug|Any CPU.Build.0 = Debug|Any CPU
		{AC389457-EBC0-4795-A74C-ED4C68BD4FF1}.Debug|x86.ActiveCfg = Debug|x86
		{AC389457-EBC0-4795-A74C-ED4C68BD4FF1}.Debug|x86.Build.0 = Debug|x86
		{AC389457-EBC0-4795-A74C-ED4C68BD4FF1}.Release|Any CPU.ActiveCfg = Release|Any CPU
		{AC389457-EBC0-4795-A74C-ED4C68BD4FF1}.Release|Any CPU.Build.0 = Release|Any CPU
		{AC389457-EBC0-4795-A74C-ED4C68BD4FF1}.Release|x86.ActiveCfg = Release|Any CPU
		{AE1D215A-BEBF-4D06-BE33-D40B2B899280}.Debug|Any CPU.ActiveCfg = Debug|Any CPU
		{AE1D215A-BEBF-4D06-BE33-D40B2B899280}.Debug|Any CPU.Build.0 = Debug|Any CPU
		{AE1D215A-BEBF-4D06-BE33-D40B2B899280}.Debug|x86.ActiveCfg = Debug|x86
		{AE1D215A-BEBF-4D06-BE33-D40B2B899280}.Debug|x86.Build.0 = Debug|x86
		{AE1D215A-BEBF-4D06-BE33-D40B2B899280}.Release|Any CPU.ActiveCfg = Release|Any CPU
		{AE1D215A-BEBF-4D06-BE33-D40B2B899280}.Release|Any CPU.Build.0 = Release|Any CPU
		{AE1D215A-BEBF-4D06-BE33-D40B2B899280}.Release|x86.ActiveCfg = Release|Any CPU
		{9425CCB1-3071-4BA3-8874-3806C3A22AB3}.Debug|Any CPU.ActiveCfg = Debug|Any CPU
		{9425CCB1-3071-4BA3-8874-3806C3A22AB3}.Debug|Any CPU.Build.0 = Debug|Any CPU
		{9425CCB1-3071-4BA3-8874-3806C3A22AB3}.Debug|x86.ActiveCfg = Debug|x86
		{9425CCB1-3071-4BA3-8874-3806C3A22AB3}.Debug|x86.Build.0 = Debug|x86
		{9425CCB1-3071-4BA3-8874-3806C3A22AB3}.Release|Any CPU.ActiveCfg = Release|Any CPU
		{9425CCB1-3071-4BA3-8874-3806C3A22AB3}.Release|Any CPU.Build.0 = Release|Any CPU
		{9425CCB1-3071-4BA3-8874-3806C3A22AB3}.Release|x86.ActiveCfg = Release|Any CPU
		{4C2BCA97-815D-47D2-B90A-E78A802D5755}.Debug|Any CPU.ActiveCfg = Debug|Any CPU
		{4C2BCA97-815D-47D2-B90A-E78A802D5755}.Debug|Any CPU.Build.0 = Debug|Any CPU
		{4C2BCA97-815D-47D2-B90A-E78A802D5755}.Debug|x86.ActiveCfg = Debug|x86
		{4C2BCA97-815D-47D2-B90A-E78A802D5755}.Debug|x86.Build.0 = Debug|x86
		{4C2BCA97-815D-47D2-B90A-E78A802D5755}.Release|Any CPU.ActiveCfg = Release|Any CPU
		{4C2BCA97-815D-47D2-B90A-E78A802D5755}.Release|Any CPU.Build.0 = Release|Any CPU
		{4C2BCA97-815D-47D2-B90A-E78A802D5755}.Release|x86.ActiveCfg = Release|Any CPU
		{E963F46B-1954-48A1-B5BA-3A7B54B558A7}.Debug|Any CPU.ActiveCfg = Debug|Any CPU
		{E963F46B-1954-48A1-B5BA-3A7B54B558A7}.Debug|Any CPU.Build.0 = Debug|Any CPU
		{E963F46B-1954-48A1-B5BA-3A7B54B558A7}.Debug|x86.ActiveCfg = Debug|x86
		{E963F46B-1954-48A1-B5BA-3A7B54B558A7}.Debug|x86.Build.0 = Debug|x86
		{E963F46B-1954-48A1-B5BA-3A7B54B558A7}.Release|Any CPU.ActiveCfg = Release|Any CPU
		{E963F46B-1954-48A1-B5BA-3A7B54B558A7}.Release|Any CPU.Build.0 = Release|Any CPU
		{E963F46B-1954-48A1-B5BA-3A7B54B558A7}.Release|x86.ActiveCfg = Release|Any CPU
		{CAB4E274-B945-4985-B984-620457A4FCFB}.Debug|Any CPU.ActiveCfg = Debug|Any CPU
		{CAB4E274-B945-4985-B984-620457A4FCFB}.Debug|Any CPU.Build.0 = Debug|Any CPU
		{CAB4E274-B945-4985-B984-620457A4FCFB}.Debug|x86.ActiveCfg = Debug|x86
		{CAB4E274-B945-4985-B984-620457A4FCFB}.Debug|x86.Build.0 = Debug|x86
		{CAB4E274-B945-4985-B984-620457A4FCFB}.Release|Any CPU.ActiveCfg = Release|Any CPU
		{CAB4E274-B945-4985-B984-620457A4FCFB}.Release|Any CPU.Build.0 = Release|Any CPU
		{CAB4E274-B945-4985-B984-620457A4FCFB}.Release|x86.ActiveCfg = Release|Any CPU
		{EAB31B55-911F-47F0-99F7-12FA3E477716}.Debug|Any CPU.ActiveCfg = Debug|Any CPU
		{EAB31B55-911F-47F0-99F7-12FA3E477716}.Debug|Any CPU.Build.0 = Debug|Any CPU
		{EAB31B55-911F-47F0-99F7-12FA3E477716}.Debug|x86.ActiveCfg = Debug|x86
		{EAB31B55-911F-47F0-99F7-12FA3E477716}.Debug|x86.Build.0 = Debug|x86
		{EAB31B55-911F-47F0-99F7-12FA3E477716}.Release|Any CPU.ActiveCfg = Release|Any CPU
		{EAB31B55-911F-47F0-99F7-12FA3E477716}.Release|Any CPU.Build.0 = Release|Any CPU
		{EAB31B55-911F-47F0-99F7-12FA3E477716}.Release|x86.ActiveCfg = Release|Any CPU
		{C209F4F1-06CF-404E-9F84-7E6326D38E89}.Debug|Any CPU.ActiveCfg = Debug|Any CPU
		{C209F4F1-06CF-404E-9F84-7E6326D38E89}.Debug|Any CPU.Build.0 = Debug|Any CPU
		{C209F4F1-06CF-404E-9F84-7E6326D38E89}.Debug|x86.ActiveCfg = Debug|x86
		{C209F4F1-06CF-404E-9F84-7E6326D38E89}.Debug|x86.Build.0 = Debug|x86
		{C209F4F1-06CF-404E-9F84-7E6326D38E89}.Release|Any CPU.ActiveCfg = Release|Any CPU
		{C209F4F1-06CF-404E-9F84-7E6326D38E89}.Release|Any CPU.Build.0 = Release|Any CPU
		{C209F4F1-06CF-404E-9F84-7E6326D38E89}.Release|x86.ActiveCfg = Release|Any CPU
		{14990D2B-28AD-4859-B5D3-76DF11717908}.Debug|Any CPU.ActiveCfg = Debug|Any CPU
		{14990D2B-28AD-4859-B5D3-76DF11717908}.Debug|Any CPU.Build.0 = Debug|Any CPU
		{14990D2B-28AD-4859-B5D3-76DF11717908}.Debug|x86.ActiveCfg = Debug|x86
		{14990D2B-28AD-4859-B5D3-76DF11717908}.Debug|x86.Build.0 = Debug|x86
		{14990D2B-28AD-4859-B5D3-76DF11717908}.Release|Any CPU.ActiveCfg = Release|Any CPU
		{14990D2B-28AD-4859-B5D3-76DF11717908}.Release|Any CPU.Build.0 = Release|Any CPU
		{14990D2B-28AD-4859-B5D3-76DF11717908}.Release|x86.ActiveCfg = Release|Any CPU
		{3510C616-DCE8-42F0-94E3-E457909D5381}.Debug|Any CPU.ActiveCfg = Debug|Any CPU
		{3510C616-DCE8-42F0-94E3-E457909D5381}.Debug|Any CPU.Build.0 = Debug|Any CPU
		{3510C616-DCE8-42F0-94E3-E457909D5381}.Debug|x86.ActiveCfg = Debug|x86
		{3510C616-DCE8-42F0-94E3-E457909D5381}.Debug|x86.Build.0 = Debug|x86
		{3510C616-DCE8-42F0-94E3-E457909D5381}.Release|Any CPU.ActiveCfg = Release|Any CPU
		{3510C616-DCE8-42F0-94E3-E457909D5381}.Release|Any CPU.Build.0 = Release|Any CPU
		{3510C616-DCE8-42F0-94E3-E457909D5381}.Release|x86.ActiveCfg = Release|Any CPU
		{B04D048F-7347-4336-8359-EDBCCA79CED5}.Debug|Any CPU.ActiveCfg = Debug|Any CPU
		{B04D048F-7347-4336-8359-EDBCCA79CED5}.Debug|Any CPU.Build.0 = Debug|Any CPU
		{B04D048F-7347-4336-8359-EDBCCA79CED5}.Debug|x86.ActiveCfg = Debug|x86
		{B04D048F-7347-4336-8359-EDBCCA79CED5}.Debug|x86.Build.0 = Debug|x86
		{B04D048F-7347-4336-8359-EDBCCA79CED5}.Release|Any CPU.ActiveCfg = Release|Any CPU
		{B04D048F-7347-4336-8359-EDBCCA79CED5}.Release|Any CPU.Build.0 = Release|Any CPU
		{B04D048F-7347-4336-8359-EDBCCA79CED5}.Release|x86.ActiveCfg = Release|Any CPU
		{ADA963C3-E2E4-4DD7-BF8A-1ECA24D71660}.Debug|Any CPU.ActiveCfg = Debug|Any CPU
		{ADA963C3-E2E4-4DD7-BF8A-1ECA24D71660}.Debug|Any CPU.Build.0 = Debug|Any CPU
		{ADA963C3-E2E4-4DD7-BF8A-1ECA24D71660}.Debug|x86.ActiveCfg = Debug|x86
		{ADA963C3-E2E4-4DD7-BF8A-1ECA24D71660}.Debug|x86.Build.0 = Debug|x86
		{ADA963C3-E2E4-4DD7-BF8A-1ECA24D71660}.Release|Any CPU.ActiveCfg = Release|Any CPU
		{ADA963C3-E2E4-4DD7-BF8A-1ECA24D71660}.Release|Any CPU.Build.0 = Release|Any CPU
		{ADA963C3-E2E4-4DD7-BF8A-1ECA24D71660}.Release|x86.ActiveCfg = Release|Any CPU
		{86D17D55-3578-44E1-B35B-6AE06D396AB9}.Debug|Any CPU.ActiveCfg = Debug|Any CPU
		{86D17D55-3578-44E1-B35B-6AE06D396AB9}.Debug|Any CPU.Build.0 = Debug|Any CPU
		{86D17D55-3578-44E1-B35B-6AE06D396AB9}.Debug|x86.ActiveCfg = Debug|x86
		{86D17D55-3578-44E1-B35B-6AE06D396AB9}.Debug|x86.Build.0 = Debug|x86
		{86D17D55-3578-44E1-B35B-6AE06D396AB9}.Release|Any CPU.ActiveCfg = Release|Any CPU
		{86D17D55-3578-44E1-B35B-6AE06D396AB9}.Release|Any CPU.Build.0 = Release|Any CPU
		{86D17D55-3578-44E1-B35B-6AE06D396AB9}.Release|x86.ActiveCfg = Release|Any CPU
		{DAFE4BF5-924C-4272-8475-7AF61B9990D3}.Debug|Any CPU.ActiveCfg = Debug|Any CPU
		{DAFE4BF5-924C-4272-8475-7AF61B9990D3}.Debug|Any CPU.Build.0 = Debug|Any CPU
		{DAFE4BF5-924C-4272-8475-7AF61B9990D3}.Debug|x86.ActiveCfg = Debug|x86
		{DAFE4BF5-924C-4272-8475-7AF61B9990D3}.Debug|x86.Build.0 = Debug|x86
		{DAFE4BF5-924C-4272-8475-7AF61B9990D3}.Release|Any CPU.ActiveCfg = Release|Any CPU
		{DAFE4BF5-924C-4272-8475-7AF61B9990D3}.Release|Any CPU.Build.0 = Release|Any CPU
		{DAFE4BF5-924C-4272-8475-7AF61B9990D3}.Release|x86.ActiveCfg = Release|Any CPU
		{158FF213-554C-4F45-990A-75B8025EDFFC}.Debug|Any CPU.ActiveCfg = Debug|Any CPU
		{158FF213-554C-4F45-990A-75B8025EDFFC}.Debug|Any CPU.Build.0 = Debug|Any CPU
		{158FF213-554C-4F45-990A-75B8025EDFFC}.Debug|x86.ActiveCfg = Debug|x86
		{158FF213-554C-4F45-990A-75B8025EDFFC}.Debug|x86.Build.0 = Debug|x86
		{158FF213-554C-4F45-990A-75B8025EDFFC}.Release|Any CPU.ActiveCfg = Release|Any CPU
		{158FF213-554C-4F45-990A-75B8025EDFFC}.Release|Any CPU.Build.0 = Release|Any CPU
		{158FF213-554C-4F45-990A-75B8025EDFFC}.Release|x86.ActiveCfg = Release|Any CPU
		{CE43BE3A-CE4E-44EE-B643-7C7112BA1D86}.Debug|Any CPU.ActiveCfg = Debug|Any CPU
		{CE43BE3A-CE4E-44EE-B643-7C7112BA1D86}.Debug|Any CPU.Build.0 = Debug|Any CPU
		{CE43BE3A-CE4E-44EE-B643-7C7112BA1D86}.Debug|x86.ActiveCfg = Debug|x86
		{CE43BE3A-CE4E-44EE-B643-7C7112BA1D86}.Debug|x86.Build.0 = Debug|x86
		{CE43BE3A-CE4E-44EE-B643-7C7112BA1D86}.Release|Any CPU.ActiveCfg = Release|Any CPU
		{CE43BE3A-CE4E-44EE-B643-7C7112BA1D86}.Release|Any CPU.Build.0 = Release|Any CPU
		{CE43BE3A-CE4E-44EE-B643-7C7112BA1D86}.Release|x86.ActiveCfg = Release|Any CPU
		{9ECA4A43-4AD6-4407-9253-BDCAEC9B8A1F}.Debug|Any CPU.ActiveCfg = Debug|Any CPU
		{9ECA4A43-4AD6-4407-9253-BDCAEC9B8A1F}.Debug|Any CPU.Build.0 = Debug|Any CPU
		{9ECA4A43-4AD6-4407-9253-BDCAEC9B8A1F}.Debug|x86.ActiveCfg = Debug|x86
		{9ECA4A43-4AD6-4407-9253-BDCAEC9B8A1F}.Debug|x86.Build.0 = Debug|x86
		{9ECA4A43-4AD6-4407-9253-BDCAEC9B8A1F}.Release|Any CPU.ActiveCfg = Release|Any CPU
		{9ECA4A43-4AD6-4407-9253-BDCAEC9B8A1F}.Release|Any CPU.Build.0 = Release|Any CPU
		{9ECA4A43-4AD6-4407-9253-BDCAEC9B8A1F}.Release|x86.ActiveCfg = Release|Any CPU
		{97D39AA2-D1A5-4093-BB9F-EFF7095DE44B}.Debug|Any CPU.ActiveCfg = Debug|Any CPU
		{97D39AA2-D1A5-4093-BB9F-EFF7095DE44B}.Debug|Any CPU.Build.0 = Debug|Any CPU
		{97D39AA2-D1A5-4093-BB9F-EFF7095DE44B}.Debug|x86.ActiveCfg = Debug|x86
		{97D39AA2-D1A5-4093-BB9F-EFF7095DE44B}.Debug|x86.Build.0 = Debug|x86
		{97D39AA2-D1A5-4093-BB9F-EFF7095DE44B}.Release|Any CPU.ActiveCfg = Release|Any CPU
		{97D39AA2-D1A5-4093-BB9F-EFF7095DE44B}.Release|Any CPU.Build.0 = Release|Any CPU
		{97D39AA2-D1A5-4093-BB9F-EFF7095DE44B}.Release|x86.ActiveCfg = Release|Any CPU
		{E978CE42-B737-4D75-A3C4-F4DBF2120633}.Debug|Any CPU.ActiveCfg = Debug|Any CPU
		{E978CE42-B737-4D75-A3C4-F4DBF2120633}.Debug|Any CPU.Build.0 = Debug|Any CPU
		{E978CE42-B737-4D75-A3C4-F4DBF2120633}.Debug|x86.ActiveCfg = Debug|x86
		{E978CE42-B737-4D75-A3C4-F4DBF2120633}.Debug|x86.Build.0 = Debug|x86
		{E978CE42-B737-4D75-A3C4-F4DBF2120633}.Release|Any CPU.ActiveCfg = Release|Any CPU
		{E978CE42-B737-4D75-A3C4-F4DBF2120633}.Release|Any CPU.Build.0 = Release|Any CPU
		{E978CE42-B737-4D75-A3C4-F4DBF2120633}.Release|x86.ActiveCfg = Release|Any CPU
		{CC18E5FF-34A2-4488-82F5-6BB198BBE778}.Debug|Any CPU.ActiveCfg = Debug|Any CPU
		{CC18E5FF-34A2-4488-82F5-6BB198BBE778}.Debug|Any CPU.Build.0 = Debug|Any CPU
		{CC18E5FF-34A2-4488-82F5-6BB198BBE778}.Debug|x86.ActiveCfg = Debug|x86
		{CC18E5FF-34A2-4488-82F5-6BB198BBE778}.Debug|x86.Build.0 = Debug|x86
		{CC18E5FF-34A2-4488-82F5-6BB198BBE778}.Release|Any CPU.ActiveCfg = Release|Any CPU
		{CC18E5FF-34A2-4488-82F5-6BB198BBE778}.Release|Any CPU.Build.0 = Release|Any CPU
		{CC18E5FF-34A2-4488-82F5-6BB198BBE778}.Release|x86.ActiveCfg = Release|Any CPU
		{A88E89EB-7B0C-4435-8EED-19E49753F782}.Debug|Any CPU.ActiveCfg = Debug|Any CPU
		{A88E89EB-7B0C-4435-8EED-19E49753F782}.Debug|Any CPU.Build.0 = Debug|Any CPU
		{A88E89EB-7B0C-4435-8EED-19E49753F782}.Debug|x86.ActiveCfg = Debug|x86
		{A88E89EB-7B0C-4435-8EED-19E49753F782}.Debug|x86.Build.0 = Debug|x86
		{A88E89EB-7B0C-4435-8EED-19E49753F782}.Release|Any CPU.ActiveCfg = Release|Any CPU
		{A88E89EB-7B0C-4435-8EED-19E49753F782}.Release|Any CPU.Build.0 = Release|Any CPU
		{A88E89EB-7B0C-4435-8EED-19E49753F782}.Release|x86.ActiveCfg = Release|Any CPU
		{B0A23DDE-6A16-4730-B669-28C8E92B2C5B}.Debug|Any CPU.ActiveCfg = Debug|Any CPU
		{B0A23DDE-6A16-4730-B669-28C8E92B2C5B}.Debug|Any CPU.Build.0 = Debug|Any CPU
		{B0A23DDE-6A16-4730-B669-28C8E92B2C5B}.Debug|x86.ActiveCfg = Debug|x86
		{B0A23DDE-6A16-4730-B669-28C8E92B2C5B}.Debug|x86.Build.0 = Debug|x86
		{B0A23DDE-6A16-4730-B669-28C8E92B2C5B}.Release|Any CPU.ActiveCfg = Release|Any CPU
		{B0A23DDE-6A16-4730-B669-28C8E92B2C5B}.Release|Any CPU.Build.0 = Release|Any CPU
		{B0A23DDE-6A16-4730-B669-28C8E92B2C5B}.Release|x86.ActiveCfg = Release|Any CPU
		{EE2E48A2-3890-485A-B0B6-75741C318B85}.Debug|Any CPU.ActiveCfg = Debug|Any CPU
		{EE2E48A2-3890-485A-B0B6-75741C318B85}.Debug|Any CPU.Build.0 = Debug|Any CPU
		{EE2E48A2-3890-485A-B0B6-75741C318B85}.Debug|x86.ActiveCfg = Debug|x86
		{EE2E48A2-3890-485A-B0B6-75741C318B85}.Debug|x86.Build.0 = Debug|x86
		{EE2E48A2-3890-485A-B0B6-75741C318B85}.Release|Any CPU.ActiveCfg = Release|Any CPU
		{EE2E48A2-3890-485A-B0B6-75741C318B85}.Release|Any CPU.Build.0 = Release|Any CPU
		{EE2E48A2-3890-485A-B0B6-75741C318B85}.Release|x86.ActiveCfg = Release|x86
		{EE2E48A2-3890-485A-B0B6-75741C318B85}.Release|x86.Build.0 = Release|x86
		{7980FDBA-671F-4F89-80B4-B79783BA0C6E}.Debug|Any CPU.ActiveCfg = Debug|Any CPU
		{7980FDBA-671F-4F89-80B4-B79783BA0C6E}.Debug|Any CPU.Build.0 = Debug|Any CPU
		{7980FDBA-671F-4F89-80B4-B79783BA0C6E}.Debug|x86.ActiveCfg = Debug|x86
		{7980FDBA-671F-4F89-80B4-B79783BA0C6E}.Debug|x86.Build.0 = Debug|x86
		{7980FDBA-671F-4F89-80B4-B79783BA0C6E}.Release|Any CPU.ActiveCfg = Release|Any CPU
		{7980FDBA-671F-4F89-80B4-B79783BA0C6E}.Release|Any CPU.Build.0 = Release|Any CPU
		{7980FDBA-671F-4F89-80B4-B79783BA0C6E}.Release|x86.ActiveCfg = Release|x86
		{7980FDBA-671F-4F89-80B4-B79783BA0C6E}.Release|x86.Build.0 = Release|x86
		{19778AF7-8E5C-4249-80BD-B2A28CA9D8C6}.Debug|Any CPU.ActiveCfg = Debug|Any CPU
		{19778AF7-8E5C-4249-80BD-B2A28CA9D8C6}.Debug|Any CPU.Build.0 = Debug|Any CPU
		{19778AF7-8E5C-4249-80BD-B2A28CA9D8C6}.Debug|x86.ActiveCfg = Debug|x86
		{19778AF7-8E5C-4249-80BD-B2A28CA9D8C6}.Debug|x86.Build.0 = Debug|x86
		{19778AF7-8E5C-4249-80BD-B2A28CA9D8C6}.Release|Any CPU.ActiveCfg = Release|Any CPU
		{19778AF7-8E5C-4249-80BD-B2A28CA9D8C6}.Release|Any CPU.Build.0 = Release|Any CPU
		{19778AF7-8E5C-4249-80BD-B2A28CA9D8C6}.Release|x86.ActiveCfg = Release|x86
		{19778AF7-8E5C-4249-80BD-B2A28CA9D8C6}.Release|x86.Build.0 = Release|x86
		{57FF7483-B696-403C-AEAA-6820F7E94D5A}.Debug|Any CPU.ActiveCfg = Debug|Any CPU
		{57FF7483-B696-403C-AEAA-6820F7E94D5A}.Debug|Any CPU.Build.0 = Debug|Any CPU
		{57FF7483-B696-403C-AEAA-6820F7E94D5A}.Debug|x86.ActiveCfg = Debug|x86
		{57FF7483-B696-403C-AEAA-6820F7E94D5A}.Debug|x86.Build.0 = Debug|x86
		{57FF7483-B696-403C-AEAA-6820F7E94D5A}.Release|Any CPU.ActiveCfg = Release|Any CPU
		{57FF7483-B696-403C-AEAA-6820F7E94D5A}.Release|Any CPU.Build.0 = Release|Any CPU
		{57FF7483-B696-403C-AEAA-6820F7E94D5A}.Release|x86.ActiveCfg = Release|x86
		{57FF7483-B696-403C-AEAA-6820F7E94D5A}.Release|x86.Build.0 = Release|x86
		{6C204401-E451-4034-B708-DBC0FCBB19E9}.Debug|Any CPU.ActiveCfg = Debug|Any CPU
		{6C204401-E451-4034-B708-DBC0FCBB19E9}.Debug|Any CPU.Build.0 = Debug|Any CPU
		{6C204401-E451-4034-B708-DBC0FCBB19E9}.Debug|x86.ActiveCfg = Debug|x86
		{6C204401-E451-4034-B708-DBC0FCBB19E9}.Debug|x86.Build.0 = Debug|x86
		{6C204401-E451-4034-B708-DBC0FCBB19E9}.Release|Any CPU.ActiveCfg = Release|Any CPU
		{6C204401-E451-4034-B708-DBC0FCBB19E9}.Release|Any CPU.Build.0 = Release|Any CPU
		{6C204401-E451-4034-B708-DBC0FCBB19E9}.Release|x86.ActiveCfg = Release|x86
		{6C204401-E451-4034-B708-DBC0FCBB19E9}.Release|x86.Build.0 = Release|x86
		{C93B3819-EE9B-4D17-AD47-81F139318F18}.Debug|Any CPU.ActiveCfg = Debug|Any CPU
		{C93B3819-EE9B-4D17-AD47-81F139318F18}.Debug|Any CPU.Build.0 = Debug|Any CPU
		{C93B3819-EE9B-4D17-AD47-81F139318F18}.Debug|x86.ActiveCfg = Debug|x86
		{C93B3819-EE9B-4D17-AD47-81F139318F18}.Debug|x86.Build.0 = Debug|x86
		{C93B3819-EE9B-4D17-AD47-81F139318F18}.Release|Any CPU.ActiveCfg = Release|Any CPU
		{C93B3819-EE9B-4D17-AD47-81F139318F18}.Release|Any CPU.Build.0 = Release|Any CPU
		{C93B3819-EE9B-4D17-AD47-81F139318F18}.Release|x86.ActiveCfg = Release|Any CPU
		{3914CB7E-813E-4BE4-960D-764FC3B8ED15}.Debug|Any CPU.ActiveCfg = Debug|Any CPU
		{3914CB7E-813E-4BE4-960D-764FC3B8ED15}.Debug|Any CPU.Build.0 = Debug|Any CPU
		{3914CB7E-813E-4BE4-960D-764FC3B8ED15}.Debug|x86.ActiveCfg = Debug|x86
		{3914CB7E-813E-4BE4-960D-764FC3B8ED15}.Debug|x86.Build.0 = Debug|x86
		{3914CB7E-813E-4BE4-960D-764FC3B8ED15}.Release|Any CPU.ActiveCfg = Release|Any CPU
		{3914CB7E-813E-4BE4-960D-764FC3B8ED15}.Release|Any CPU.Build.0 = Release|Any CPU
		{3914CB7E-813E-4BE4-960D-764FC3B8ED15}.Release|x86.ActiveCfg = Release|Any CPU
		{1CE44C9C-5D1B-40F2-9AE8-28C6E8165F9B}.Debug|Any CPU.ActiveCfg = Debug|Any CPU
		{1CE44C9C-5D1B-40F2-9AE8-28C6E8165F9B}.Debug|Any CPU.Build.0 = Debug|Any CPU
		{1CE44C9C-5D1B-40F2-9AE8-28C6E8165F9B}.Debug|x86.ActiveCfg = Debug|x86
		{1CE44C9C-5D1B-40F2-9AE8-28C6E8165F9B}.Debug|x86.Build.0 = Debug|x86
		{1CE44C9C-5D1B-40F2-9AE8-28C6E8165F9B}.Release|Any CPU.ActiveCfg = Release|Any CPU
		{1CE44C9C-5D1B-40F2-9AE8-28C6E8165F9B}.Release|Any CPU.Build.0 = Release|Any CPU
		{1CE44C9C-5D1B-40F2-9AE8-28C6E8165F9B}.Release|x86.ActiveCfg = Release|x86
		{1CE44C9C-5D1B-40F2-9AE8-28C6E8165F9B}.Release|x86.Build.0 = Release|x86
		{D37900CB-C5BA-492C-B30F-8FE7B04A344F}.Debug|Any CPU.ActiveCfg = Debug|Any CPU
		{D37900CB-C5BA-492C-B30F-8FE7B04A344F}.Debug|Any CPU.Build.0 = Debug|Any CPU
		{D37900CB-C5BA-492C-B30F-8FE7B04A344F}.Debug|x86.ActiveCfg = Debug|x86
		{D37900CB-C5BA-492C-B30F-8FE7B04A344F}.Debug|x86.Build.0 = Debug|x86
		{D37900CB-C5BA-492C-B30F-8FE7B04A344F}.Release|Any CPU.ActiveCfg = Release|Any CPU
		{D37900CB-C5BA-492C-B30F-8FE7B04A344F}.Release|Any CPU.Build.0 = Release|Any CPU
		{D37900CB-C5BA-492C-B30F-8FE7B04A344F}.Release|x86.ActiveCfg = Release|x86
		{D37900CB-C5BA-492C-B30F-8FE7B04A344F}.Release|x86.Build.0 = Release|x86
	EndGlobalSection
	GlobalSection(SolutionProperties) = preSolution
		HideSolutionNode = FALSE
	EndGlobalSection
EndGlobal
